// !$*UTF8*$!
{
	archiveVersion = 1;
	classes = {
	};
	objectVersion = 50;
	objects = {

/* Begin PBXBuildFile section */
		3F3A4E38C0D815C9167E6323 /* Pods_PoolDrive.framework in Frameworks */ = {isa = PBXBuildFile; fileRef = 752E8760D14BAD3D65FACD99 /* Pods_PoolDrive.framework */; };
		4F182ABB21BD676000CDC25F /* PoolCollectionViewController.swift in Sources */ = {isa = PBXBuildFile; fileRef = 4F182ABA21BD676000CDC25F /* PoolCollectionViewController.swift */; };
		4F182ABE21BEF76700CDC25F /* PoolNavigationBar.swift in Sources */ = {isa = PBXBuildFile; fileRef = 4F182ABD21BEF76700CDC25F /* PoolNavigationBar.swift */; };
		4F3B911521A55C0900780001 /* PoolNode.swift in Sources */ = {isa = PBXBuildFile; fileRef = 4F3B911421A55C0900780001 /* PoolNode.swift */; };
		4F3D0DD021D6BF95007654B8 /* FileProviderExtension.swift in Sources */ = {isa = PBXBuildFile; fileRef = 4F3D0DCF21D6BF95007654B8 /* FileProviderExtension.swift */; };
		4F3D0DD221D6BF95007654B8 /* FileProviderItem.swift in Sources */ = {isa = PBXBuildFile; fileRef = 4F3D0DD121D6BF95007654B8 /* FileProviderItem.swift */; };
		4F3D0DD421D6BF95007654B8 /* FileProviderEnumerator.swift in Sources */ = {isa = PBXBuildFile; fileRef = 4F3D0DD321D6BF95007654B8 /* FileProviderEnumerator.swift */; };
		4F3D0DDE21D6BF95007654B8 /* DocumentActionViewController.swift in Sources */ = {isa = PBXBuildFile; fileRef = 4F3D0DDD21D6BF95007654B8 /* DocumentActionViewController.swift */; };
		4F3D0DE121D6BF95007654B8 /* MainInterface.storyboard in Resources */ = {isa = PBXBuildFile; fileRef = 4F3D0DDF21D6BF95007654B8 /* MainInterface.storyboard */; };
		4F3D0DE521D6BF95007654B8 /* DriveUI.appex in Embed App Extensions */ = {isa = PBXBuildFile; fileRef = 4F3D0DDB21D6BF95007654B8 /* DriveUI.appex */; settings = {ATTRIBUTES = (RemoveHeadersOnCopy, ); }; };
		4F3D0DE821D6BF95007654B8 /* Drive.appex in Embed App Extensions */ = {isa = PBXBuildFile; fileRef = 4F3D0DCD21D6BF95007654B8 /* Drive.appex */; settings = {ATTRIBUTES = (RemoveHeadersOnCopy, ); }; };
		4F3D0DF021D6C433007654B8 /* Assets.xcassets in Resources */ = {isa = PBXBuildFile; fileRef = 4F3D0DEF21D6C433007654B8 /* Assets.xcassets */; };
		4F3D0DF221DA2636007654B8 /* NodeDelegate.swift in Sources */ = {isa = PBXBuildFile; fileRef = 4F3D0DF121DA2636007654B8 /* NodeDelegate.swift */; };
		4F42A4F521B15338008A44B6 /* PoolURL.swift in Sources */ = {isa = PBXBuildFile; fileRef = 4F42A4F421B15338008A44B6 /* PoolURL.swift */; };
		4F5A275021A4413400AB69E4 /* Pool.swift in Sources */ = {isa = PBXBuildFile; fileRef = 4F5A274F21A4413400AB69E4 /* Pool.swift */; };
		4F8C6B56219C209300BA3130 /* DataManager.swift in Sources */ = {isa = PBXBuildFile; fileRef = 4F8C6B55219C209300BA3130 /* DataManager.swift */; };
		4F8C6B58219CB11000BA3130 /* PoolFile.swift in Sources */ = {isa = PBXBuildFile; fileRef = 4F8C6B57219CB11000BA3130 /* PoolFile.swift */; };
		4F8C6B5A219EBA1A00BA3130 /* NoSQLExtension.swift in Sources */ = {isa = PBXBuildFile; fileRef = 4F8C6B59219EBA1A00BA3130 /* NoSQLExtension.swift */; };
		4FA2F66F21C4EB8700A42E7B /* PoolNodeCellCollectionViewCell.swift in Sources */ = {isa = PBXBuildFile; fileRef = 4FA2F66E21C4EB8700A42E7B /* PoolNodeCellCollectionViewCell.swift */; };
		4FA2F67121CBE37C00A42E7B /* PoolFileController.swift in Sources */ = {isa = PBXBuildFile; fileRef = 4FA2F67021CBE37C00A42E7B /* PoolFileController.swift */; };
		4FA2F67421CD6A3A00A42E7B /* PoolFileInfoCollectionViewCell.swift in Sources */ = {isa = PBXBuildFile; fileRef = 4FA2F67321CD6A3A00A42E7B /* PoolFileInfoCollectionViewCell.swift */; };
		4FA30CD421D0272F003699C1 /* PoolFileImageCollectionViewCell.swift in Sources */ = {isa = PBXBuildFile; fileRef = 4FA30CD321D0272F003699C1 /* PoolFileImageCollectionViewCell.swift */; };
		4FB2A426219707D6005D2C12 /* SignUpCardView.swift in Sources */ = {isa = PBXBuildFile; fileRef = 4FB2A425219707D6005D2C12 /* SignUpCardView.swift */; };
		4FD7B08921AAF28D006FA66F /* PoolComment.swift in Sources */ = {isa = PBXBuildFile; fileRef = 4FD7B08821AAF28D006FA66F /* PoolComment.swift */; };
		4FD7B08B21AD286C006FA66F /* PoolConnection.swift in Sources */ = {isa = PBXBuildFile; fileRef = 4FD7B08A21AD286C006FA66F /* PoolConnection.swift */; };
		4FD7B08D21B119D9006FA66F /* PoolDot.swift in Sources */ = {isa = PBXBuildFile; fileRef = 4FD7B08C21B119D9006FA66F /* PoolDot.swift */; };
		4FD88E9B2194069A00F6A320 /* SignInCardView.swift in Sources */ = {isa = PBXBuildFile; fileRef = 4FD88E9A2194069A00F6A320 /* SignInCardView.swift */; };
		4FD88E9D2194089200F6A320 /* AuthController.swift in Sources */ = {isa = PBXBuildFile; fileRef = 4FD88E9C2194089200F6A320 /* AuthController.swift */; };
		4FD88E9F2194402700F6A320 /* AuthTextField.swift in Sources */ = {isa = PBXBuildFile; fileRef = 4FD88E9E2194402700F6A320 /* AuthTextField.swift */; };
		4FD88EB32194789000F6A320 /* Exo2-BoldItalic.ttf in Resources */ = {isa = PBXBuildFile; fileRef = 4FD88EA12194788900F6A320 /* Exo2-BoldItalic.ttf */; };
		4FD88EB42194789000F6A320 /* Exo2-SemiBold.ttf in Resources */ = {isa = PBXBuildFile; fileRef = 4FD88EA22194788A00F6A320 /* Exo2-SemiBold.ttf */; };
		4FD88EB52194789000F6A320 /* Exo2-Light.ttf in Resources */ = {isa = PBXBuildFile; fileRef = 4FD88EA32194788A00F6A320 /* Exo2-Light.ttf */; };
		4FD88EB62194789000F6A320 /* Exo2-ExtraBold.ttf in Resources */ = {isa = PBXBuildFile; fileRef = 4FD88EA42194788A00F6A320 /* Exo2-ExtraBold.ttf */; };
		4FD88EB72194789000F6A320 /* Exo2-Regular.ttf in Resources */ = {isa = PBXBuildFile; fileRef = 4FD88EA52194788B00F6A320 /* Exo2-Regular.ttf */; };
		4FD88EB82194789000F6A320 /* Exo2-BlackItalic.ttf in Resources */ = {isa = PBXBuildFile; fileRef = 4FD88EA62194788B00F6A320 /* Exo2-BlackItalic.ttf */; };
		4FD88EB92194789000F6A320 /* Exo2-Medium.ttf in Resources */ = {isa = PBXBuildFile; fileRef = 4FD88EA72194788C00F6A320 /* Exo2-Medium.ttf */; };
		4FD88EBA2194789000F6A320 /* Exo2-ExtraBoldItalic.ttf in Resources */ = {isa = PBXBuildFile; fileRef = 4FD88EA82194788C00F6A320 /* Exo2-ExtraBoldItalic.ttf */; };
		4FD88EBB2194789000F6A320 /* Exo2-SemiBoldItalic.ttf in Resources */ = {isa = PBXBuildFile; fileRef = 4FD88EA92194788C00F6A320 /* Exo2-SemiBoldItalic.ttf */; };
		4FD88EBC2194789000F6A320 /* Exo2-Thin.ttf in Resources */ = {isa = PBXBuildFile; fileRef = 4FD88EAA2194788D00F6A320 /* Exo2-Thin.ttf */; };
		4FD88EBD2194789000F6A320 /* Exo2-Bold.ttf in Resources */ = {isa = PBXBuildFile; fileRef = 4FD88EAB2194788D00F6A320 /* Exo2-Bold.ttf */; };
		4FD88EBE2194789000F6A320 /* Exo2-ExtraLightItalic.ttf in Resources */ = {isa = PBXBuildFile; fileRef = 4FD88EAC2194788D00F6A320 /* Exo2-ExtraLightItalic.ttf */; };
		4FD88EBF2194789000F6A320 /* Exo2-LightItalic.ttf in Resources */ = {isa = PBXBuildFile; fileRef = 4FD88EAD2194788E00F6A320 /* Exo2-LightItalic.ttf */; };
		4FD88EC02194789000F6A320 /* Exo2-ExtraLight.ttf in Resources */ = {isa = PBXBuildFile; fileRef = 4FD88EAE2194788E00F6A320 /* Exo2-ExtraLight.ttf */; };
		4FD88EC12194789000F6A320 /* Exo2-Black.ttf in Resources */ = {isa = PBXBuildFile; fileRef = 4FD88EAF2194788F00F6A320 /* Exo2-Black.ttf */; };
		4FD88EC22194789000F6A320 /* Exo2-Italic.ttf in Resources */ = {isa = PBXBuildFile; fileRef = 4FD88EB02194788F00F6A320 /* Exo2-Italic.ttf */; };
		4FD88EC32194789000F6A320 /* Exo2-MediumItalic.ttf in Resources */ = {isa = PBXBuildFile; fileRef = 4FD88EB12194788F00F6A320 /* Exo2-MediumItalic.ttf */; };
		4FD88EC42194789000F6A320 /* Exo2-ThinItalic.ttf in Resources */ = {isa = PBXBuildFile; fileRef = 4FD88EB22194789000F6A320 /* Exo2-ThinItalic.ttf */; };
		4FD88EC621947F7C00F6A320 /* Extensions.swift in Sources */ = {isa = PBXBuildFile; fileRef = 4FD88EC521947F7C00F6A320 /* Extensions.swift */; };
		4FD88EC8219485C200F6A320 /* AuthButton.swift in Sources */ = {isa = PBXBuildFile; fileRef = 4FD88EC7219485C200F6A320 /* AuthButton.swift */; };
		4FD88ECC2196EE9300F6A320 /* SourceSansPro-Bold.ttf in Resources */ = {isa = PBXBuildFile; fileRef = 4FD88ECB2196EE9300F6A320 /* SourceSansPro-Bold.ttf */; };
		4FFF7333218C7B32002E3827 /* AppDelegate.swift in Sources */ = {isa = PBXBuildFile; fileRef = 4FFF7332218C7B32002E3827 /* AppDelegate.swift */; };
		4FFF7335218C7B32002E3827 /* ViewController.swift in Sources */ = {isa = PBXBuildFile; fileRef = 4FFF7334218C7B32002E3827 /* ViewController.swift */; };
		4FFF733D218C7B33002E3827 /* LaunchScreen.storyboard in Resources */ = {isa = PBXBuildFile; fileRef = 4FFF733B218C7B33002E3827 /* LaunchScreen.storyboard */; };
		4FFF7348218C7B33002E3827 /* PoolDriveTests.swift in Sources */ = {isa = PBXBuildFile; fileRef = 4FFF7347218C7B33002E3827 /* PoolDriveTests.swift */; };
		4FFF7353218C7B33002E3827 /* PoolDriveUITests.swift in Sources */ = {isa = PBXBuildFile; fileRef = 4FFF7352218C7B33002E3827 /* PoolDriveUITests.swift */; };
		4FFF7362218C7D22002E3827 /* GoogleService-Info.plist in Resources */ = {isa = PBXBuildFile; fileRef = 4FFF7361218C7D22002E3827 /* GoogleService-Info.plist */; };
		CF864F2A350524D13FAAC31F /* Pods_PoolDriveTests.framework in Frameworks */ = {isa = PBXBuildFile; fileRef = ED59962754B1129B71EAD8BA /* Pods_PoolDriveTests.framework */; };
		ECD6C5D3CBF369F6F640497F /* Pods_PoolDriveUITests.framework in Frameworks */ = {isa = PBXBuildFile; fileRef = E99ADCC3E3548228053B8168 /* Pods_PoolDriveUITests.framework */; };
/* End PBXBuildFile section */

/* Begin PBXContainerItemProxy section */
		4F3D0DE321D6BF95007654B8 /* PBXContainerItemProxy */ = {
			isa = PBXContainerItemProxy;
			containerPortal = 4FFF7327218C7B32002E3827 /* Project object */;
			proxyType = 1;
			remoteGlobalIDString = 4F3D0DDA21D6BF95007654B8;
			remoteInfo = DriveUI;
		};
		4F3D0DE621D6BF95007654B8 /* PBXContainerItemProxy */ = {
			isa = PBXContainerItemProxy;
			containerPortal = 4FFF7327218C7B32002E3827 /* Project object */;
			proxyType = 1;
			remoteGlobalIDString = 4F3D0DCC21D6BF95007654B8;
			remoteInfo = Drive;
		};
		4FFF7344218C7B33002E3827 /* PBXContainerItemProxy */ = {
			isa = PBXContainerItemProxy;
			containerPortal = 4FFF7327218C7B32002E3827 /* Project object */;
			proxyType = 1;
			remoteGlobalIDString = 4FFF732E218C7B32002E3827;
			remoteInfo = PoolDrive;
		};
		4FFF734F218C7B33002E3827 /* PBXContainerItemProxy */ = {
			isa = PBXContainerItemProxy;
			containerPortal = 4FFF7327218C7B32002E3827 /* Project object */;
			proxyType = 1;
			remoteGlobalIDString = 4FFF732E218C7B32002E3827;
			remoteInfo = PoolDrive;
		};
/* End PBXContainerItemProxy section */

/* Begin PBXCopyFilesBuildPhase section */
		4FA30CFB21D68F9B003699C1 /* Embed App Extensions */ = {
			isa = PBXCopyFilesBuildPhase;
			buildActionMask = 2147483647;
			dstPath = "";
			dstSubfolderSpec = 13;
			files = (
				4F3D0DE521D6BF95007654B8 /* DriveUI.appex in Embed App Extensions */,
				4F3D0DE821D6BF95007654B8 /* Drive.appex in Embed App Extensions */,
			);
			name = "Embed App Extensions";
			runOnlyForDeploymentPostprocessing = 0;
		};
/* End PBXCopyFilesBuildPhase section */

/* Begin PBXFileReference section */
		4F182ABA21BD676000CDC25F /* PoolCollectionViewController.swift */ = {isa = PBXFileReference; lastKnownFileType = sourcecode.swift; path = PoolCollectionViewController.swift; sourceTree = "<group>"; };
		4F182ABD21BEF76700CDC25F /* PoolNavigationBar.swift */ = {isa = PBXFileReference; lastKnownFileType = sourcecode.swift; path = PoolNavigationBar.swift; sourceTree = "<group>"; };
		4F3B911421A55C0900780001 /* PoolNode.swift */ = {isa = PBXFileReference; lastKnownFileType = sourcecode.swift; path = PoolNode.swift; sourceTree = "<group>"; };
		4F3D0DCD21D6BF95007654B8 /* Drive.appex */ = {isa = PBXFileReference; explicitFileType = "wrapper.app-extension"; includeInIndex = 0; path = Drive.appex; sourceTree = BUILT_PRODUCTS_DIR; };
		4F3D0DCF21D6BF95007654B8 /* FileProviderExtension.swift */ = {isa = PBXFileReference; lastKnownFileType = sourcecode.swift; path = FileProviderExtension.swift; sourceTree = "<group>"; };
		4F3D0DD121D6BF95007654B8 /* FileProviderItem.swift */ = {isa = PBXFileReference; lastKnownFileType = sourcecode.swift; path = FileProviderItem.swift; sourceTree = "<group>"; };
		4F3D0DD321D6BF95007654B8 /* FileProviderEnumerator.swift */ = {isa = PBXFileReference; lastKnownFileType = sourcecode.swift; path = FileProviderEnumerator.swift; sourceTree = "<group>"; };
		4F3D0DD521D6BF95007654B8 /* Info.plist */ = {isa = PBXFileReference; lastKnownFileType = text.plist.xml; path = Info.plist; sourceTree = "<group>"; };
		4F3D0DD621D6BF95007654B8 /* Drive.entitlements */ = {isa = PBXFileReference; lastKnownFileType = text.plist.entitlements; path = Drive.entitlements; sourceTree = "<group>"; };
		4F3D0DDB21D6BF95007654B8 /* DriveUI.appex */ = {isa = PBXFileReference; explicitFileType = "wrapper.app-extension"; includeInIndex = 0; path = DriveUI.appex; sourceTree = BUILT_PRODUCTS_DIR; };
		4F3D0DDD21D6BF95007654B8 /* DocumentActionViewController.swift */ = {isa = PBXFileReference; lastKnownFileType = sourcecode.swift; path = DocumentActionViewController.swift; sourceTree = "<group>"; };
		4F3D0DE021D6BF95007654B8 /* Base */ = {isa = PBXFileReference; lastKnownFileType = file.storyboard; name = Base; path = Base.lproj/MainInterface.storyboard; sourceTree = "<group>"; };
		4F3D0DE221D6BF95007654B8 /* Info.plist */ = {isa = PBXFileReference; lastKnownFileType = text.plist.xml; path = Info.plist; sourceTree = "<group>"; };
		4F3D0DEF21D6C433007654B8 /* Assets.xcassets */ = {isa = PBXFileReference; lastKnownFileType = folder.assetcatalog; path = Assets.xcassets; sourceTree = "<group>"; };
		4F3D0DF121DA2636007654B8 /* NodeDelegate.swift */ = {isa = PBXFileReference; lastKnownFileType = sourcecode.swift; path = NodeDelegate.swift; sourceTree = "<group>"; };
		4F42A4F421B15338008A44B6 /* PoolURL.swift */ = {isa = PBXFileReference; lastKnownFileType = sourcecode.swift; path = PoolURL.swift; sourceTree = "<group>"; };
		4F5A274F21A4413400AB69E4 /* Pool.swift */ = {isa = PBXFileReference; lastKnownFileType = sourcecode.swift; path = Pool.swift; sourceTree = "<group>"; };
		4F8C6B55219C209300BA3130 /* DataManager.swift */ = {isa = PBXFileReference; lastKnownFileType = sourcecode.swift; path = DataManager.swift; sourceTree = "<group>"; };
		4F8C6B57219CB11000BA3130 /* PoolFile.swift */ = {isa = PBXFileReference; lastKnownFileType = sourcecode.swift; path = PoolFile.swift; sourceTree = "<group>"; };
		4F8C6B59219EBA1A00BA3130 /* NoSQLExtension.swift */ = {isa = PBXFileReference; lastKnownFileType = sourcecode.swift; path = NoSQLExtension.swift; sourceTree = "<group>"; };
		4FA2F66E21C4EB8700A42E7B /* PoolNodeCellCollectionViewCell.swift */ = {isa = PBXFileReference; lastKnownFileType = sourcecode.swift; path = PoolNodeCellCollectionViewCell.swift; sourceTree = "<group>"; };
		4FA2F67021CBE37C00A42E7B /* PoolFileController.swift */ = {isa = PBXFileReference; lastKnownFileType = sourcecode.swift; path = PoolFileController.swift; sourceTree = "<group>"; };
		4FA2F67321CD6A3A00A42E7B /* PoolFileInfoCollectionViewCell.swift */ = {isa = PBXFileReference; lastKnownFileType = sourcecode.swift; path = PoolFileInfoCollectionViewCell.swift; sourceTree = "<group>"; };
		4FA30CD321D0272F003699C1 /* PoolFileImageCollectionViewCell.swift */ = {isa = PBXFileReference; lastKnownFileType = sourcecode.swift; path = PoolFileImageCollectionViewCell.swift; sourceTree = "<group>"; };
		4FA30D0221D6BBBB003699C1 /* FileProviderExtension.swift */ = {isa = PBXFileReference; lastKnownFileType = sourcecode.swift; path = FileProviderExtension.swift; sourceTree = "<group>"; };
		4FA30D0421D6BBBB003699C1 /* FileProviderItem.swift */ = {isa = PBXFileReference; lastKnownFileType = sourcecode.swift; path = FileProviderItem.swift; sourceTree = "<group>"; };
		4FA30D0621D6BBBB003699C1 /* FileProviderEnumerator.swift */ = {isa = PBXFileReference; lastKnownFileType = sourcecode.swift; path = FileProviderEnumerator.swift; sourceTree = "<group>"; };
		4FA30D0821D6BBBB003699C1 /* Info.plist */ = {isa = PBXFileReference; lastKnownFileType = text.plist.xml; path = Info.plist; sourceTree = "<group>"; };
		4FA30D0921D6BBBB003699C1 /* Pool_Drive.entitlements */ = {isa = PBXFileReference; lastKnownFileType = text.plist.entitlements; path = Pool_Drive.entitlements; sourceTree = "<group>"; };
		4FA30D1021D6BBBB003699C1 /* DocumentActionViewController.swift */ = {isa = PBXFileReference; lastKnownFileType = sourcecode.swift; path = DocumentActionViewController.swift; sourceTree = "<group>"; };
		4FA30D1321D6BBBB003699C1 /* Base */ = {isa = PBXFileReference; lastKnownFileType = file.storyboard; name = Base; path = Base.lproj/MainInterface.storyboard; sourceTree = "<group>"; };
		4FA30D1521D6BBBB003699C1 /* Info.plist */ = {isa = PBXFileReference; lastKnownFileType = text.plist.xml; path = Info.plist; sourceTree = "<group>"; };
		4FB2A425219707D6005D2C12 /* SignUpCardView.swift */ = {isa = PBXFileReference; lastKnownFileType = sourcecode.swift; path = SignUpCardView.swift; sourceTree = "<group>"; };
		4FD7B08821AAF28D006FA66F /* PoolComment.swift */ = {isa = PBXFileReference; lastKnownFileType = sourcecode.swift; path = PoolComment.swift; sourceTree = "<group>"; };
		4FD7B08A21AD286C006FA66F /* PoolConnection.swift */ = {isa = PBXFileReference; lastKnownFileType = sourcecode.swift; path = PoolConnection.swift; sourceTree = "<group>"; };
		4FD7B08C21B119D9006FA66F /* PoolDot.swift */ = {isa = PBXFileReference; lastKnownFileType = sourcecode.swift; path = PoolDot.swift; sourceTree = "<group>"; };
		4FD88E9A2194069A00F6A320 /* SignInCardView.swift */ = {isa = PBXFileReference; lastKnownFileType = sourcecode.swift; path = SignInCardView.swift; sourceTree = "<group>"; };
		4FD88E9C2194089200F6A320 /* AuthController.swift */ = {isa = PBXFileReference; lastKnownFileType = sourcecode.swift; path = AuthController.swift; sourceTree = "<group>"; };
		4FD88E9E2194402700F6A320 /* AuthTextField.swift */ = {isa = PBXFileReference; lastKnownFileType = sourcecode.swift; path = AuthTextField.swift; sourceTree = "<group>"; };
		4FD88EA12194788900F6A320 /* Exo2-BoldItalic.ttf */ = {isa = PBXFileReference; lastKnownFileType = file; path = "Exo2-BoldItalic.ttf"; sourceTree = "<group>"; };
		4FD88EA22194788A00F6A320 /* Exo2-SemiBold.ttf */ = {isa = PBXFileReference; lastKnownFileType = file; path = "Exo2-SemiBold.ttf"; sourceTree = "<group>"; };
		4FD88EA32194788A00F6A320 /* Exo2-Light.ttf */ = {isa = PBXFileReference; lastKnownFileType = file; path = "Exo2-Light.ttf"; sourceTree = "<group>"; };
		4FD88EA42194788A00F6A320 /* Exo2-ExtraBold.ttf */ = {isa = PBXFileReference; lastKnownFileType = file; path = "Exo2-ExtraBold.ttf"; sourceTree = "<group>"; };
		4FD88EA52194788B00F6A320 /* Exo2-Regular.ttf */ = {isa = PBXFileReference; lastKnownFileType = file; path = "Exo2-Regular.ttf"; sourceTree = "<group>"; };
		4FD88EA62194788B00F6A320 /* Exo2-BlackItalic.ttf */ = {isa = PBXFileReference; lastKnownFileType = file; path = "Exo2-BlackItalic.ttf"; sourceTree = "<group>"; };
		4FD88EA72194788C00F6A320 /* Exo2-Medium.ttf */ = {isa = PBXFileReference; lastKnownFileType = file; path = "Exo2-Medium.ttf"; sourceTree = "<group>"; };
		4FD88EA82194788C00F6A320 /* Exo2-ExtraBoldItalic.ttf */ = {isa = PBXFileReference; lastKnownFileType = file; path = "Exo2-ExtraBoldItalic.ttf"; sourceTree = "<group>"; };
		4FD88EA92194788C00F6A320 /* Exo2-SemiBoldItalic.ttf */ = {isa = PBXFileReference; lastKnownFileType = file; path = "Exo2-SemiBoldItalic.ttf"; sourceTree = "<group>"; };
		4FD88EAA2194788D00F6A320 /* Exo2-Thin.ttf */ = {isa = PBXFileReference; lastKnownFileType = file; path = "Exo2-Thin.ttf"; sourceTree = "<group>"; };
		4FD88EAB2194788D00F6A320 /* Exo2-Bold.ttf */ = {isa = PBXFileReference; lastKnownFileType = file; path = "Exo2-Bold.ttf"; sourceTree = "<group>"; };
		4FD88EAC2194788D00F6A320 /* Exo2-ExtraLightItalic.ttf */ = {isa = PBXFileReference; lastKnownFileType = file; path = "Exo2-ExtraLightItalic.ttf"; sourceTree = "<group>"; };
		4FD88EAD2194788E00F6A320 /* Exo2-LightItalic.ttf */ = {isa = PBXFileReference; lastKnownFileType = file; path = "Exo2-LightItalic.ttf"; sourceTree = "<group>"; };
		4FD88EAE2194788E00F6A320 /* Exo2-ExtraLight.ttf */ = {isa = PBXFileReference; lastKnownFileType = file; path = "Exo2-ExtraLight.ttf"; sourceTree = "<group>"; };
		4FD88EAF2194788F00F6A320 /* Exo2-Black.ttf */ = {isa = PBXFileReference; lastKnownFileType = file; path = "Exo2-Black.ttf"; sourceTree = "<group>"; };
		4FD88EB02194788F00F6A320 /* Exo2-Italic.ttf */ = {isa = PBXFileReference; lastKnownFileType = file; path = "Exo2-Italic.ttf"; sourceTree = "<group>"; };
		4FD88EB12194788F00F6A320 /* Exo2-MediumItalic.ttf */ = {isa = PBXFileReference; lastKnownFileType = file; path = "Exo2-MediumItalic.ttf"; sourceTree = "<group>"; };
		4FD88EB22194789000F6A320 /* Exo2-ThinItalic.ttf */ = {isa = PBXFileReference; lastKnownFileType = file; path = "Exo2-ThinItalic.ttf"; sourceTree = "<group>"; };
		4FD88EC521947F7C00F6A320 /* Extensions.swift */ = {isa = PBXFileReference; lastKnownFileType = sourcecode.swift; path = Extensions.swift; sourceTree = "<group>"; };
		4FD88EC7219485C200F6A320 /* AuthButton.swift */ = {isa = PBXFileReference; lastKnownFileType = sourcecode.swift; path = AuthButton.swift; sourceTree = "<group>"; };
		4FD88ECB2196EE9300F6A320 /* SourceSansPro-Bold.ttf */ = {isa = PBXFileReference; lastKnownFileType = file; path = "SourceSansPro-Bold.ttf"; sourceTree = "<group>"; };
		4FFF732F218C7B32002E3827 /* PoolDrive.app */ = {isa = PBXFileReference; explicitFileType = wrapper.application; includeInIndex = 0; path = PoolDrive.app; sourceTree = BUILT_PRODUCTS_DIR; };
		4FFF7332218C7B32002E3827 /* AppDelegate.swift */ = {isa = PBXFileReference; lastKnownFileType = sourcecode.swift; path = AppDelegate.swift; sourceTree = "<group>"; };
		4FFF7334218C7B32002E3827 /* ViewController.swift */ = {isa = PBXFileReference; lastKnownFileType = sourcecode.swift; path = ViewController.swift; sourceTree = "<group>"; };
		4FFF733C218C7B33002E3827 /* Base */ = {isa = PBXFileReference; lastKnownFileType = file.storyboard; name = Base; path = Base.lproj/LaunchScreen.storyboard; sourceTree = "<group>"; };
		4FFF733E218C7B33002E3827 /* Info.plist */ = {isa = PBXFileReference; lastKnownFileType = text.plist.xml; path = Info.plist; sourceTree = "<group>"; };
		4FFF7343218C7B33002E3827 /* PoolDriveTests.xctest */ = {isa = PBXFileReference; explicitFileType = wrapper.cfbundle; includeInIndex = 0; path = PoolDriveTests.xctest; sourceTree = BUILT_PRODUCTS_DIR; };
		4FFF7347218C7B33002E3827 /* PoolDriveTests.swift */ = {isa = PBXFileReference; lastKnownFileType = sourcecode.swift; path = PoolDriveTests.swift; sourceTree = "<group>"; };
		4FFF7349218C7B33002E3827 /* Info.plist */ = {isa = PBXFileReference; lastKnownFileType = text.plist.xml; path = Info.plist; sourceTree = "<group>"; };
		4FFF734E218C7B33002E3827 /* PoolDriveUITests.xctest */ = {isa = PBXFileReference; explicitFileType = wrapper.cfbundle; includeInIndex = 0; path = PoolDriveUITests.xctest; sourceTree = BUILT_PRODUCTS_DIR; };
		4FFF7352218C7B33002E3827 /* PoolDriveUITests.swift */ = {isa = PBXFileReference; lastKnownFileType = sourcecode.swift; path = PoolDriveUITests.swift; sourceTree = "<group>"; };
		4FFF7354218C7B33002E3827 /* Info.plist */ = {isa = PBXFileReference; lastKnownFileType = text.plist.xml; path = Info.plist; sourceTree = "<group>"; };
		4FFF7361218C7D22002E3827 /* GoogleService-Info.plist */ = {isa = PBXFileReference; fileEncoding = 4; lastKnownFileType = text.plist.xml; path = "GoogleService-Info.plist"; sourceTree = "<group>"; };
		638FAA61BC12DC91DA8F0A19 /* Pods-PoolDrive.debug.xcconfig */ = {isa = PBXFileReference; includeInIndex = 1; lastKnownFileType = text.xcconfig; name = "Pods-PoolDrive.debug.xcconfig"; path = "Pods/Target Support Files/Pods-PoolDrive/Pods-PoolDrive.debug.xcconfig"; sourceTree = "<group>"; };
		6AA99B0B05461FB82B56D8F6 /* Pods-PoolDriveTests.debug.xcconfig */ = {isa = PBXFileReference; includeInIndex = 1; lastKnownFileType = text.xcconfig; name = "Pods-PoolDriveTests.debug.xcconfig"; path = "Pods/Target Support Files/Pods-PoolDriveTests/Pods-PoolDriveTests.debug.xcconfig"; sourceTree = "<group>"; };
		752E8760D14BAD3D65FACD99 /* Pods_PoolDrive.framework */ = {isa = PBXFileReference; explicitFileType = wrapper.framework; includeInIndex = 0; path = Pods_PoolDrive.framework; sourceTree = BUILT_PRODUCTS_DIR; };
		7A07A20A90AFC5213C0831F0 /* Pods-PoolDrive.release.xcconfig */ = {isa = PBXFileReference; includeInIndex = 1; lastKnownFileType = text.xcconfig; name = "Pods-PoolDrive.release.xcconfig"; path = "Pods/Target Support Files/Pods-PoolDrive/Pods-PoolDrive.release.xcconfig"; sourceTree = "<group>"; };
		BCCDFFB5CC148DAB22649F40 /* Pods-PoolDriveUITests.release.xcconfig */ = {isa = PBXFileReference; includeInIndex = 1; lastKnownFileType = text.xcconfig; name = "Pods-PoolDriveUITests.release.xcconfig"; path = "Pods/Target Support Files/Pods-PoolDriveUITests/Pods-PoolDriveUITests.release.xcconfig"; sourceTree = "<group>"; };
		BF352AC81C38478EB350B74C /* Pods-PoolDriveUITests.debug.xcconfig */ = {isa = PBXFileReference; includeInIndex = 1; lastKnownFileType = text.xcconfig; name = "Pods-PoolDriveUITests.debug.xcconfig"; path = "Pods/Target Support Files/Pods-PoolDriveUITests/Pods-PoolDriveUITests.debug.xcconfig"; sourceTree = "<group>"; };
		CADD3988A327C71F0C0BEB66 /* Pods-PoolDriveTests.release.xcconfig */ = {isa = PBXFileReference; includeInIndex = 1; lastKnownFileType = text.xcconfig; name = "Pods-PoolDriveTests.release.xcconfig"; path = "Pods/Target Support Files/Pods-PoolDriveTests/Pods-PoolDriveTests.release.xcconfig"; sourceTree = "<group>"; };
		E99ADCC3E3548228053B8168 /* Pods_PoolDriveUITests.framework */ = {isa = PBXFileReference; explicitFileType = wrapper.framework; includeInIndex = 0; path = Pods_PoolDriveUITests.framework; sourceTree = BUILT_PRODUCTS_DIR; };
		ED59962754B1129B71EAD8BA /* Pods_PoolDriveTests.framework */ = {isa = PBXFileReference; explicitFileType = wrapper.framework; includeInIndex = 0; path = Pods_PoolDriveTests.framework; sourceTree = BUILT_PRODUCTS_DIR; };
/* End PBXFileReference section */

/* Begin PBXFrameworksBuildPhase section */
		4F3D0DCA21D6BF95007654B8 /* Frameworks */ = {
			isa = PBXFrameworksBuildPhase;
			buildActionMask = 2147483647;
			files = (
			);
			runOnlyForDeploymentPostprocessing = 0;
		};
		4F3D0DD821D6BF95007654B8 /* Frameworks */ = {
			isa = PBXFrameworksBuildPhase;
			buildActionMask = 2147483647;
			files = (
			);
			runOnlyForDeploymentPostprocessing = 0;
		};
		4FFF732C218C7B32002E3827 /* Frameworks */ = {
			isa = PBXFrameworksBuildPhase;
			buildActionMask = 2147483647;
			files = (
				3F3A4E38C0D815C9167E6323 /* Pods_PoolDrive.framework in Frameworks */,
			);
			runOnlyForDeploymentPostprocessing = 0;
		};
		4FFF7340218C7B33002E3827 /* Frameworks */ = {
			isa = PBXFrameworksBuildPhase;
			buildActionMask = 2147483647;
			files = (
				CF864F2A350524D13FAAC31F /* Pods_PoolDriveTests.framework in Frameworks */,
			);
			runOnlyForDeploymentPostprocessing = 0;
		};
		4FFF734B218C7B33002E3827 /* Frameworks */ = {
			isa = PBXFrameworksBuildPhase;
			buildActionMask = 2147483647;
			files = (
				ECD6C5D3CBF369F6F640497F /* Pods_PoolDriveUITests.framework in Frameworks */,
			);
			runOnlyForDeploymentPostprocessing = 0;
		};
/* End PBXFrameworksBuildPhase section */

/* Begin PBXGroup section */
		1755B86C5A9ADB6693036642 /* Frameworks */ = {
			isa = PBXGroup;
			children = (
				752E8760D14BAD3D65FACD99 /* Pods_PoolDrive.framework */,
				ED59962754B1129B71EAD8BA /* Pods_PoolDriveTests.framework */,
				E99ADCC3E3548228053B8168 /* Pods_PoolDriveUITests.framework */,
			);
			name = Frameworks;
			sourceTree = "<group>";
		};
		4F182ABC21BEF58900CDC25F /* PoolViews */ = {
			isa = PBXGroup;
			children = (
				4F182ABD21BEF76700CDC25F /* PoolNavigationBar.swift */,
			);
			path = PoolViews;
			sourceTree = "<group>";
		};
		4F3D0DCE21D6BF95007654B8 /* Drive */ = {
			isa = PBXGroup;
			children = (
				4F3D0DCF21D6BF95007654B8 /* FileProviderExtension.swift */,
				4F3D0DD121D6BF95007654B8 /* FileProviderItem.swift */,
				4F3D0DD321D6BF95007654B8 /* FileProviderEnumerator.swift */,
				4F3D0DD521D6BF95007654B8 /* Info.plist */,
				4F3D0DD621D6BF95007654B8 /* Drive.entitlements */,
			);
			path = Drive;
			sourceTree = "<group>";
		};
		4F3D0DDC21D6BF95007654B8 /* DriveUI */ = {
			isa = PBXGroup;
			children = (
				4F3D0DDD21D6BF95007654B8 /* DocumentActionViewController.swift */,
				4F3D0DDF21D6BF95007654B8 /* MainInterface.storyboard */,
				4F3D0DE221D6BF95007654B8 /* Info.plist */,
			);
			path = DriveUI;
			sourceTree = "<group>";
		};
		4FA2F66D21C4EB6300A42E7B /* CollectionViewCells */ = {
			isa = PBXGroup;
			children = (
				4FA2F67221CD6A1500A42E7B /* PoolFile */,
				4FA2F66E21C4EB8700A42E7B /* PoolNodeCellCollectionViewCell.swift */,
			);
			path = CollectionViewCells;
			sourceTree = "<group>";
		};
		4FA2F67221CD6A1500A42E7B /* PoolFile */ = {
			isa = PBXGroup;
			children = (
				4FA2F67321CD6A3A00A42E7B /* PoolFileInfoCollectionViewCell.swift */,
				4FA30CD321D0272F003699C1 /* PoolFileImageCollectionViewCell.swift */,
			);
			path = PoolFile;
			sourceTree = "<group>";
		};
		4FA30D0121D6BBBB003699C1 /* Pool Drive */ = {
			isa = PBXGroup;
			children = (
				4FA30D0221D6BBBB003699C1 /* FileProviderExtension.swift */,
				4FA30D0421D6BBBB003699C1 /* FileProviderItem.swift */,
				4FA30D0621D6BBBB003699C1 /* FileProviderEnumerator.swift */,
				4FA30D0821D6BBBB003699C1 /* Info.plist */,
				4FA30D0921D6BBBB003699C1 /* Pool_Drive.entitlements */,
			);
			path = "Pool Drive";
			sourceTree = "<group>";
		};
		4FA30D0F21D6BBBB003699C1 /* Pool DriveUI */ = {
			isa = PBXGroup;
			children = (
				4FA30D1021D6BBBB003699C1 /* DocumentActionViewController.swift */,
				4FA30D1221D6BBBB003699C1 /* MainInterface.storyboard */,
				4FA30D1521D6BBBB003699C1 /* Info.plist */,
			);
			path = "Pool DriveUI";
			sourceTree = "<group>";
		};
		4FD7B08721AAF271006FA66F /* Pool */ = {
			isa = PBXGroup;
			children = (
				4F5A274F21A4413400AB69E4 /* Pool.swift */,
				4F3B911421A55C0900780001 /* PoolNode.swift */,
				4F8C6B57219CB11000BA3130 /* PoolFile.swift */,
				4FD7B08821AAF28D006FA66F /* PoolComment.swift */,
				4FD7B08A21AD286C006FA66F /* PoolConnection.swift */,
				4FD7B08C21B119D9006FA66F /* PoolDot.swift */,
				4F42A4F421B15338008A44B6 /* PoolURL.swift */,
				4F3D0DF121DA2636007654B8 /* NodeDelegate.swift */,
			);
			path = Pool;
			sourceTree = "<group>";
		};
		4FD88E952193698B00F6A320 /* Model */ = {
			isa = PBXGroup;
			children = (
				4FD7B08721AAF271006FA66F /* Pool */,
				4F8C6B55219C209300BA3130 /* DataManager.swift */,
				4F8C6B59219EBA1A00BA3130 /* NoSQLExtension.swift */,
			);
			path = Model;
			sourceTree = "<group>";
		};
		4FD88E962193699600F6A320 /* View */ = {
			isa = PBXGroup;
			children = (
				4FA2F66D21C4EB6300A42E7B /* CollectionViewCells */,
				4F182ABC21BEF58900CDC25F /* PoolViews */,
				4FD88E992194067E00F6A320 /* Authentication */,
				4FFF733B218C7B33002E3827 /* LaunchScreen.storyboard */,
			);
			path = View;
			sourceTree = "<group>";
		};
		4FD88E972193699B00F6A320 /* Controller */ = {
			isa = PBXGroup;
			children = (
				4FFF7334218C7B32002E3827 /* ViewController.swift */,
				4FD88E9C2194089200F6A320 /* AuthController.swift */,
				4F182ABA21BD676000CDC25F /* PoolCollectionViewController.swift */,
				4FA2F67021CBE37C00A42E7B /* PoolFileController.swift */,
			);
			path = Controller;
			sourceTree = "<group>";
		};
		4FD88E98219369A200F6A320 /* Other */ = {
			isa = PBXGroup;
			children = (
				4F3D0DEF21D6C433007654B8 /* Assets.xcassets */,
			);
			path = Other;
			sourceTree = "<group>";
		};
		4FD88E992194067E00F6A320 /* Authentication */ = {
			isa = PBXGroup;
			children = (
				4FD88E9E2194402700F6A320 /* AuthTextField.swift */,
				4FD88EC7219485C200F6A320 /* AuthButton.swift */,
				4FD88ECE219701DC00F6A320 /* SignIn */,
				4FD88ECD2196F27A00F6A320 /* SignUp */,
			);
			path = Authentication;
			sourceTree = "<group>";
		};
		4FD88EA02194786500F6A320 /* fonts */ = {
			isa = PBXGroup;
			children = (
				4FD88ECA2196EE6900F6A320 /* SourceSansPro */,
				4FD88EC92196EE5500F6A320 /* Exo2 */,
			);
			path = fonts;
			sourceTree = "<group>";
		};
		4FD88EC92196EE5500F6A320 /* Exo2 */ = {
			isa = PBXGroup;
			children = (
				4FD88EAF2194788F00F6A320 /* Exo2-Black.ttf */,
				4FD88EA62194788B00F6A320 /* Exo2-BlackItalic.ttf */,
				4FD88EAB2194788D00F6A320 /* Exo2-Bold.ttf */,
				4FD88EA12194788900F6A320 /* Exo2-BoldItalic.ttf */,
				4FD88EA42194788A00F6A320 /* Exo2-ExtraBold.ttf */,
				4FD88EA82194788C00F6A320 /* Exo2-ExtraBoldItalic.ttf */,
				4FD88EAE2194788E00F6A320 /* Exo2-ExtraLight.ttf */,
				4FD88EAC2194788D00F6A320 /* Exo2-ExtraLightItalic.ttf */,
				4FD88EB02194788F00F6A320 /* Exo2-Italic.ttf */,
				4FD88EA32194788A00F6A320 /* Exo2-Light.ttf */,
				4FD88EAD2194788E00F6A320 /* Exo2-LightItalic.ttf */,
				4FD88EA72194788C00F6A320 /* Exo2-Medium.ttf */,
				4FD88EB12194788F00F6A320 /* Exo2-MediumItalic.ttf */,
				4FD88EA52194788B00F6A320 /* Exo2-Regular.ttf */,
				4FD88EA22194788A00F6A320 /* Exo2-SemiBold.ttf */,
				4FD88EA92194788C00F6A320 /* Exo2-SemiBoldItalic.ttf */,
				4FD88EAA2194788D00F6A320 /* Exo2-Thin.ttf */,
				4FD88EB22194789000F6A320 /* Exo2-ThinItalic.ttf */,
			);
			path = Exo2;
			sourceTree = "<group>";
		};
		4FD88ECA2196EE6900F6A320 /* SourceSansPro */ = {
			isa = PBXGroup;
			children = (
				4FD88ECB2196EE9300F6A320 /* SourceSansPro-Bold.ttf */,
			);
			path = SourceSansPro;
			sourceTree = "<group>";
		};
		4FD88ECD2196F27A00F6A320 /* SignUp */ = {
			isa = PBXGroup;
			children = (
				4FB2A425219707D6005D2C12 /* SignUpCardView.swift */,
			);
			path = SignUp;
			sourceTree = "<group>";
		};
		4FD88ECE219701DC00F6A320 /* SignIn */ = {
			isa = PBXGroup;
			children = (
				4FD88E9A2194069A00F6A320 /* SignInCardView.swift */,
			);
			path = SignIn;
			sourceTree = "<group>";
		};
		4FFF7326218C7B32002E3827 = {
			isa = PBXGroup;
			children = (
				4FFF7331218C7B32002E3827 /* PoolDrive */,
				4FFF7346218C7B33002E3827 /* PoolDriveTests */,
				4FFF7351218C7B33002E3827 /* PoolDriveUITests */,
				4FA30D0121D6BBBB003699C1 /* Pool Drive */,
				4FA30D0F21D6BBBB003699C1 /* Pool DriveUI */,
				4F3D0DCE21D6BF95007654B8 /* Drive */,
				4F3D0DDC21D6BF95007654B8 /* DriveUI */,
				4FFF7330218C7B32002E3827 /* Products */,
				DED8983D5C0B1A18E10EE998 /* Pods */,
				1755B86C5A9ADB6693036642 /* Frameworks */,
			);
			sourceTree = "<group>";
		};
		4FFF7330218C7B32002E3827 /* Products */ = {
			isa = PBXGroup;
			children = (
				4FFF732F218C7B32002E3827 /* PoolDrive.app */,
				4FFF7343218C7B33002E3827 /* PoolDriveTests.xctest */,
				4FFF734E218C7B33002E3827 /* PoolDriveUITests.xctest */,
				4F3D0DCD21D6BF95007654B8 /* Drive.appex */,
				4F3D0DDB21D6BF95007654B8 /* DriveUI.appex */,
			);
			name = Products;
			sourceTree = "<group>";
		};
		4FFF7331218C7B32002E3827 /* PoolDrive */ = {
			isa = PBXGroup;
			children = (
				4FD88E98219369A200F6A320 /* Other */,
				4FD88E972193699B00F6A320 /* Controller */,
				4FD88E962193699600F6A320 /* View */,
				4FD88E952193698B00F6A320 /* Model */,
				4FFF7332218C7B32002E3827 /* AppDelegate.swift */,
				4FFF733E218C7B33002E3827 /* Info.plist */,
				4FFF7360218C7CE6002E3827 /* SupportingFiles */,
			);
			path = PoolDrive;
			sourceTree = "<group>";
		};
		4FFF7346218C7B33002E3827 /* PoolDriveTests */ = {
			isa = PBXGroup;
			children = (
				4FFF7347218C7B33002E3827 /* PoolDriveTests.swift */,
				4FFF7349218C7B33002E3827 /* Info.plist */,
			);
			path = PoolDriveTests;
			sourceTree = "<group>";
		};
		4FFF7351218C7B33002E3827 /* PoolDriveUITests */ = {
			isa = PBXGroup;
			children = (
				4FFF7352218C7B33002E3827 /* PoolDriveUITests.swift */,
				4FFF7354218C7B33002E3827 /* Info.plist */,
			);
			path = PoolDriveUITests;
			sourceTree = "<group>";
		};
		4FFF7360218C7CE6002E3827 /* SupportingFiles */ = {
			isa = PBXGroup;
			children = (
				4FD88EA02194786500F6A320 /* fonts */,
				4FFF7361218C7D22002E3827 /* GoogleService-Info.plist */,
				4FD88EC521947F7C00F6A320 /* Extensions.swift */,
			);
			path = SupportingFiles;
			sourceTree = "<group>";
		};
		DED8983D5C0B1A18E10EE998 /* Pods */ = {
			isa = PBXGroup;
			children = (
				638FAA61BC12DC91DA8F0A19 /* Pods-PoolDrive.debug.xcconfig */,
				7A07A20A90AFC5213C0831F0 /* Pods-PoolDrive.release.xcconfig */,
				6AA99B0B05461FB82B56D8F6 /* Pods-PoolDriveTests.debug.xcconfig */,
				CADD3988A327C71F0C0BEB66 /* Pods-PoolDriveTests.release.xcconfig */,
				BF352AC81C38478EB350B74C /* Pods-PoolDriveUITests.debug.xcconfig */,
				BCCDFFB5CC148DAB22649F40 /* Pods-PoolDriveUITests.release.xcconfig */,
			);
			name = Pods;
			sourceTree = "<group>";
		};
/* End PBXGroup section */

/* Begin PBXNativeTarget section */
		4F3D0DCC21D6BF95007654B8 /* Drive */ = {
			isa = PBXNativeTarget;
			buildConfigurationList = 4F3D0DEC21D6BF95007654B8 /* Build configuration list for PBXNativeTarget "Drive" */;
			buildPhases = (
				4F3D0DC921D6BF95007654B8 /* Sources */,
				4F3D0DCA21D6BF95007654B8 /* Frameworks */,
				4F3D0DCB21D6BF95007654B8 /* Resources */,
			);
			buildRules = (
			);
			dependencies = (
			);
			name = Drive;
			productName = Drive;
			productReference = 4F3D0DCD21D6BF95007654B8 /* Drive.appex */;
			productType = "com.apple.product-type.app-extension";
		};
		4F3D0DDA21D6BF95007654B8 /* DriveUI */ = {
			isa = PBXNativeTarget;
			buildConfigurationList = 4F3D0DE921D6BF95007654B8 /* Build configuration list for PBXNativeTarget "DriveUI" */;
			buildPhases = (
				4F3D0DD721D6BF95007654B8 /* Sources */,
				4F3D0DD821D6BF95007654B8 /* Frameworks */,
				4F3D0DD921D6BF95007654B8 /* Resources */,
			);
			buildRules = (
			);
			dependencies = (
			);
			name = DriveUI;
			productName = DriveUI;
			productReference = 4F3D0DDB21D6BF95007654B8 /* DriveUI.appex */;
			productType = "com.apple.product-type.app-extension";
		};
		4FFF732E218C7B32002E3827 /* PoolDrive */ = {
			isa = PBXNativeTarget;
			buildConfigurationList = 4FFF7357218C7B33002E3827 /* Build configuration list for PBXNativeTarget "PoolDrive" */;
			buildPhases = (
				2D25EDFE560AE7393A74CB15 /* [CP] Check Pods Manifest.lock */,
				4FFF732B218C7B32002E3827 /* Sources */,
				4FFF732C218C7B32002E3827 /* Frameworks */,
				4FFF732D218C7B32002E3827 /* Resources */,
				2B32096BC6D2187D1F4E17A0 /* [CP] Embed Pods Frameworks */,
				4FA30CFB21D68F9B003699C1 /* Embed App Extensions */,
			);
			buildRules = (
			);
			dependencies = (
				4F3D0DE421D6BF95007654B8 /* PBXTargetDependency */,
				4F3D0DE721D6BF95007654B8 /* PBXTargetDependency */,
			);
			name = PoolDrive;
			productName = PoolDrive;
			productReference = 4FFF732F218C7B32002E3827 /* PoolDrive.app */;
			productType = "com.apple.product-type.application";
		};
		4FFF7342218C7B33002E3827 /* PoolDriveTests */ = {
			isa = PBXNativeTarget;
			buildConfigurationList = 4FFF735A218C7B33002E3827 /* Build configuration list for PBXNativeTarget "PoolDriveTests" */;
			buildPhases = (
				31CB84288520A2BDC1C80861 /* [CP] Check Pods Manifest.lock */,
				4FFF733F218C7B33002E3827 /* Sources */,
				4FFF7340218C7B33002E3827 /* Frameworks */,
				4FFF7341218C7B33002E3827 /* Resources */,
			);
			buildRules = (
			);
			dependencies = (
				4FFF7345218C7B33002E3827 /* PBXTargetDependency */,
			);
			name = PoolDriveTests;
			productName = PoolDriveTests;
			productReference = 4FFF7343218C7B33002E3827 /* PoolDriveTests.xctest */;
			productType = "com.apple.product-type.bundle.unit-test";
		};
		4FFF734D218C7B33002E3827 /* PoolDriveUITests */ = {
			isa = PBXNativeTarget;
			buildConfigurationList = 4FFF735D218C7B33002E3827 /* Build configuration list for PBXNativeTarget "PoolDriveUITests" */;
			buildPhases = (
				0F38EAA8A2229D3EEE07F824 /* [CP] Check Pods Manifest.lock */,
				4FFF734A218C7B33002E3827 /* Sources */,
				4FFF734B218C7B33002E3827 /* Frameworks */,
				4FFF734C218C7B33002E3827 /* Resources */,
			);
			buildRules = (
			);
			dependencies = (
				4FFF7350218C7B33002E3827 /* PBXTargetDependency */,
			);
			name = PoolDriveUITests;
			productName = PoolDriveUITests;
			productReference = 4FFF734E218C7B33002E3827 /* PoolDriveUITests.xctest */;
			productType = "com.apple.product-type.bundle.ui-testing";
		};
/* End PBXNativeTarget section */

/* Begin PBXProject section */
		4FFF7327218C7B32002E3827 /* Project object */ = {
			isa = PBXProject;
			attributes = {
				LastSwiftUpdateCheck = 1010;
				LastUpgradeCheck = 1010;
				ORGANIZATIONNAME = "Jonah Schueller";
				TargetAttributes = {
					4F3D0DCC21D6BF95007654B8 = {
						CreatedOnToolsVersion = 10.1;
					};
					4F3D0DDA21D6BF95007654B8 = {
						CreatedOnToolsVersion = 10.1;
					};
					4FFF732E218C7B32002E3827 = {
						CreatedOnToolsVersion = 10.1;
					};
					4FFF7342218C7B33002E3827 = {
						CreatedOnToolsVersion = 10.1;
						TestTargetID = 4FFF732E218C7B32002E3827;
					};
					4FFF734D218C7B33002E3827 = {
						CreatedOnToolsVersion = 10.1;
						TestTargetID = 4FFF732E218C7B32002E3827;
					};
				};
			};
			buildConfigurationList = 4FFF732A218C7B32002E3827 /* Build configuration list for PBXProject "PoolDrive" */;
			compatibilityVersion = "Xcode 9.3";
			developmentRegion = en;
			hasScannedForEncodings = 0;
			knownRegions = (
				en,
				Base,
			);
			mainGroup = 4FFF7326218C7B32002E3827;
			productRefGroup = 4FFF7330218C7B32002E3827 /* Products */;
			projectDirPath = "";
			projectRoot = "";
			targets = (
				4FFF732E218C7B32002E3827 /* PoolDrive */,
				4FFF7342218C7B33002E3827 /* PoolDriveTests */,
				4FFF734D218C7B33002E3827 /* PoolDriveUITests */,
				4F3D0DCC21D6BF95007654B8 /* Drive */,
				4F3D0DDA21D6BF95007654B8 /* DriveUI */,
			);
		};
/* End PBXProject section */

/* Begin PBXResourcesBuildPhase section */
		4F3D0DCB21D6BF95007654B8 /* Resources */ = {
			isa = PBXResourcesBuildPhase;
			buildActionMask = 2147483647;
			files = (
			);
			runOnlyForDeploymentPostprocessing = 0;
		};
		4F3D0DD921D6BF95007654B8 /* Resources */ = {
			isa = PBXResourcesBuildPhase;
			buildActionMask = 2147483647;
			files = (
				4F3D0DE121D6BF95007654B8 /* MainInterface.storyboard in Resources */,
			);
			runOnlyForDeploymentPostprocessing = 0;
		};
		4FFF732D218C7B32002E3827 /* Resources */ = {
			isa = PBXResourcesBuildPhase;
			buildActionMask = 2147483647;
			files = (
				4FFF733D218C7B33002E3827 /* LaunchScreen.storyboard in Resources */,
				4FD88EB52194789000F6A320 /* Exo2-Light.ttf in Resources */,
				4FD88EBE2194789000F6A320 /* Exo2-ExtraLightItalic.ttf in Resources */,
				4FD88EBA2194789000F6A320 /* Exo2-ExtraBoldItalic.ttf in Resources */,
				4FD88EC22194789000F6A320 /* Exo2-Italic.ttf in Resources */,
				4FD88EB82194789000F6A320 /* Exo2-BlackItalic.ttf in Resources */,
				4FD88EC32194789000F6A320 /* Exo2-MediumItalic.ttf in Resources */,
				4FFF7362218C7D22002E3827 /* GoogleService-Info.plist in Resources */,
				4FD88EBF2194789000F6A320 /* Exo2-LightItalic.ttf in Resources */,
				4FD88EC02194789000F6A320 /* Exo2-ExtraLight.ttf in Resources */,
				4FD88EB32194789000F6A320 /* Exo2-BoldItalic.ttf in Resources */,
				4FD88EB62194789000F6A320 /* Exo2-ExtraBold.ttf in Resources */,
				4FD88EBD2194789000F6A320 /* Exo2-Bold.ttf in Resources */,
				4FD88EBB2194789000F6A320 /* Exo2-SemiBoldItalic.ttf in Resources */,
				4FD88EB92194789000F6A320 /* Exo2-Medium.ttf in Resources */,
				4FD88ECC2196EE9300F6A320 /* SourceSansPro-Bold.ttf in Resources */,
				4F3D0DF021D6C433007654B8 /* Assets.xcassets in Resources */,
				4FD88EBC2194789000F6A320 /* Exo2-Thin.ttf in Resources */,
				4FD88EB42194789000F6A320 /* Exo2-SemiBold.ttf in Resources */,
				4FD88EC42194789000F6A320 /* Exo2-ThinItalic.ttf in Resources */,
				4FD88EC12194789000F6A320 /* Exo2-Black.ttf in Resources */,
				4FD88EB72194789000F6A320 /* Exo2-Regular.ttf in Resources */,
			);
			runOnlyForDeploymentPostprocessing = 0;
		};
		4FFF7341218C7B33002E3827 /* Resources */ = {
			isa = PBXResourcesBuildPhase;
			buildActionMask = 2147483647;
			files = (
			);
			runOnlyForDeploymentPostprocessing = 0;
		};
		4FFF734C218C7B33002E3827 /* Resources */ = {
			isa = PBXResourcesBuildPhase;
			buildActionMask = 2147483647;
			files = (
			);
			runOnlyForDeploymentPostprocessing = 0;
		};
/* End PBXResourcesBuildPhase section */

/* Begin PBXShellScriptBuildPhase section */
		0F38EAA8A2229D3EEE07F824 /* [CP] Check Pods Manifest.lock */ = {
			isa = PBXShellScriptBuildPhase;
			buildActionMask = 2147483647;
			files = (
			);
			inputPaths = (
				"${PODS_PODFILE_DIR_PATH}/Podfile.lock",
				"${PODS_ROOT}/Manifest.lock",
			);
			name = "[CP] Check Pods Manifest.lock";
			outputPaths = (
				"$(DERIVED_FILE_DIR)/Pods-PoolDriveUITests-checkManifestLockResult.txt",
			);
			runOnlyForDeploymentPostprocessing = 0;
			shellPath = /bin/sh;
			shellScript = "diff \"${PODS_PODFILE_DIR_PATH}/Podfile.lock\" \"${PODS_ROOT}/Manifest.lock\" > /dev/null\nif [ $? != 0 ] ; then\n    # print error to STDERR\n    echo \"error: The sandbox is not in sync with the Podfile.lock. Run 'pod install' or update your CocoaPods installation.\" >&2\n    exit 1\nfi\n# This output is used by Xcode 'outputs' to avoid re-running this script phase.\necho \"SUCCESS\" > \"${SCRIPT_OUTPUT_FILE_0}\"\n";
			showEnvVarsInLog = 0;
		};
		2B32096BC6D2187D1F4E17A0 /* [CP] Embed Pods Frameworks */ = {
			isa = PBXShellScriptBuildPhase;
			buildActionMask = 2147483647;
			files = (
			);
			inputPaths = (
				"${SRCROOT}/Pods/Target Support Files/Pods-PoolDrive/Pods-PoolDrive-frameworks.sh",
				"${BUILT_PRODUCTS_DIR}/BoringSSL/openssl.framework",
				"${BUILT_PRODUCTS_DIR}/GTMSessionFetcher/GTMSessionFetcher.framework",
				"${BUILT_PRODUCTS_DIR}/GoogleToolboxForMac/GoogleToolboxForMac.framework",
				"${BUILT_PRODUCTS_DIR}/Protobuf/Protobuf.framework",
				"${BUILT_PRODUCTS_DIR}/gRPC/GRPCClient.framework",
				"${BUILT_PRODUCTS_DIR}/gRPC-Core/grpc.framework",
				"${BUILT_PRODUCTS_DIR}/gRPC-ProtoRPC/ProtoRPC.framework",
				"${BUILT_PRODUCTS_DIR}/gRPC-RxLibrary/RxLibrary.framework",
				"${BUILT_PRODUCTS_DIR}/leveldb-library/leveldb.framework",
				"${BUILT_PRODUCTS_DIR}/nanopb/nanopb.framework",
			);
			name = "[CP] Embed Pods Frameworks";
			outputPaths = (
				"${TARGET_BUILD_DIR}/${FRAMEWORKS_FOLDER_PATH}/openssl.framework",
				"${TARGET_BUILD_DIR}/${FRAMEWORKS_FOLDER_PATH}/GTMSessionFetcher.framework",
				"${TARGET_BUILD_DIR}/${FRAMEWORKS_FOLDER_PATH}/GoogleToolboxForMac.framework",
				"${TARGET_BUILD_DIR}/${FRAMEWORKS_FOLDER_PATH}/Protobuf.framework",
				"${TARGET_BUILD_DIR}/${FRAMEWORKS_FOLDER_PATH}/GRPCClient.framework",
				"${TARGET_BUILD_DIR}/${FRAMEWORKS_FOLDER_PATH}/grpc.framework",
				"${TARGET_BUILD_DIR}/${FRAMEWORKS_FOLDER_PATH}/ProtoRPC.framework",
				"${TARGET_BUILD_DIR}/${FRAMEWORKS_FOLDER_PATH}/RxLibrary.framework",
				"${TARGET_BUILD_DIR}/${FRAMEWORKS_FOLDER_PATH}/leveldb.framework",
				"${TARGET_BUILD_DIR}/${FRAMEWORKS_FOLDER_PATH}/nanopb.framework",
			);
			runOnlyForDeploymentPostprocessing = 0;
			shellPath = /bin/sh;
			shellScript = "\"${SRCROOT}/Pods/Target Support Files/Pods-PoolDrive/Pods-PoolDrive-frameworks.sh\"\n";
			showEnvVarsInLog = 0;
		};
		2D25EDFE560AE7393A74CB15 /* [CP] Check Pods Manifest.lock */ = {
			isa = PBXShellScriptBuildPhase;
			buildActionMask = 2147483647;
			files = (
			);
			inputPaths = (
				"${PODS_PODFILE_DIR_PATH}/Podfile.lock",
				"${PODS_ROOT}/Manifest.lock",
			);
			name = "[CP] Check Pods Manifest.lock";
			outputPaths = (
				"$(DERIVED_FILE_DIR)/Pods-PoolDrive-checkManifestLockResult.txt",
			);
			runOnlyForDeploymentPostprocessing = 0;
			shellPath = /bin/sh;
			shellScript = "diff \"${PODS_PODFILE_DIR_PATH}/Podfile.lock\" \"${PODS_ROOT}/Manifest.lock\" > /dev/null\nif [ $? != 0 ] ; then\n    # print error to STDERR\n    echo \"error: The sandbox is not in sync with the Podfile.lock. Run 'pod install' or update your CocoaPods installation.\" >&2\n    exit 1\nfi\n# This output is used by Xcode 'outputs' to avoid re-running this script phase.\necho \"SUCCESS\" > \"${SCRIPT_OUTPUT_FILE_0}\"\n";
			showEnvVarsInLog = 0;
		};
		31CB84288520A2BDC1C80861 /* [CP] Check Pods Manifest.lock */ = {
			isa = PBXShellScriptBuildPhase;
			buildActionMask = 2147483647;
			files = (
			);
			inputPaths = (
				"${PODS_PODFILE_DIR_PATH}/Podfile.lock",
				"${PODS_ROOT}/Manifest.lock",
			);
			name = "[CP] Check Pods Manifest.lock";
			outputPaths = (
				"$(DERIVED_FILE_DIR)/Pods-PoolDriveTests-checkManifestLockResult.txt",
			);
			runOnlyForDeploymentPostprocessing = 0;
			shellPath = /bin/sh;
			shellScript = "diff \"${PODS_PODFILE_DIR_PATH}/Podfile.lock\" \"${PODS_ROOT}/Manifest.lock\" > /dev/null\nif [ $? != 0 ] ; then\n    # print error to STDERR\n    echo \"error: The sandbox is not in sync with the Podfile.lock. Run 'pod install' or update your CocoaPods installation.\" >&2\n    exit 1\nfi\n# This output is used by Xcode 'outputs' to avoid re-running this script phase.\necho \"SUCCESS\" > \"${SCRIPT_OUTPUT_FILE_0}\"\n";
			showEnvVarsInLog = 0;
		};
/* End PBXShellScriptBuildPhase section */

/* Begin PBXSourcesBuildPhase section */
		4F3D0DC921D6BF95007654B8 /* Sources */ = {
			isa = PBXSourcesBuildPhase;
			buildActionMask = 2147483647;
			files = (
				4F3D0DD021D6BF95007654B8 /* FileProviderExtension.swift in Sources */,
				4F3D0DD221D6BF95007654B8 /* FileProviderItem.swift in Sources */,
				4F3D0DD421D6BF95007654B8 /* FileProviderEnumerator.swift in Sources */,
			);
			runOnlyForDeploymentPostprocessing = 0;
		};
		4F3D0DD721D6BF95007654B8 /* Sources */ = {
			isa = PBXSourcesBuildPhase;
			buildActionMask = 2147483647;
			files = (
				4F3D0DDE21D6BF95007654B8 /* DocumentActionViewController.swift in Sources */,
			);
			runOnlyForDeploymentPostprocessing = 0;
		};
		4FFF732B218C7B32002E3827 /* Sources */ = {
			isa = PBXSourcesBuildPhase;
			buildActionMask = 2147483647;
			files = (
				4F182ABB21BD676000CDC25F /* PoolCollectionViewController.swift in Sources */,
				4F42A4F521B15338008A44B6 /* PoolURL.swift in Sources */,
				4FA2F66F21C4EB8700A42E7B /* PoolNodeCellCollectionViewCell.swift in Sources */,
				4FD88E9D2194089200F6A320 /* AuthController.swift in Sources */,
				4FD88EC621947F7C00F6A320 /* Extensions.swift in Sources */,
				4FB2A426219707D6005D2C12 /* SignUpCardView.swift in Sources */,
				4F3D0DF221DA2636007654B8 /* NodeDelegate.swift in Sources */,
				4F5A275021A4413400AB69E4 /* Pool.swift in Sources */,
				4F3B911521A55C0900780001 /* PoolNode.swift in Sources */,
				4FD88EC8219485C200F6A320 /* AuthButton.swift in Sources */,
				4FFF7335218C7B32002E3827 /* ViewController.swift in Sources */,
				4FA30CD421D0272F003699C1 /* PoolFileImageCollectionViewCell.swift in Sources */,
				4F8C6B58219CB11000BA3130 /* PoolFile.swift in Sources */,
				4FFF7333218C7B32002E3827 /* AppDelegate.swift in Sources */,
				4FD7B08D21B119D9006FA66F /* PoolDot.swift in Sources */,
				4F8C6B5A219EBA1A00BA3130 /* NoSQLExtension.swift in Sources */,
				4FD7B08B21AD286C006FA66F /* PoolConnection.swift in Sources */,
				4F182ABE21BEF76700CDC25F /* PoolNavigationBar.swift in Sources */,
				4FA2F67421CD6A3A00A42E7B /* PoolFileInfoCollectionViewCell.swift in Sources */,
				4FA2F67121CBE37C00A42E7B /* PoolFileController.swift in Sources */,
				4FD88E9F2194402700F6A320 /* AuthTextField.swift in Sources */,
				4FD7B08921AAF28D006FA66F /* PoolComment.swift in Sources */,
				4F8C6B56219C209300BA3130 /* DataManager.swift in Sources */,
				4FD88E9B2194069A00F6A320 /* SignInCardView.swift in Sources */,
			);
			runOnlyForDeploymentPostprocessing = 0;
		};
		4FFF733F218C7B33002E3827 /* Sources */ = {
			isa = PBXSourcesBuildPhase;
			buildActionMask = 2147483647;
			files = (
				4FFF7348218C7B33002E3827 /* PoolDriveTests.swift in Sources */,
			);
			runOnlyForDeploymentPostprocessing = 0;
		};
		4FFF734A218C7B33002E3827 /* Sources */ = {
			isa = PBXSourcesBuildPhase;
			buildActionMask = 2147483647;
			files = (
				4FFF7353218C7B33002E3827 /* PoolDriveUITests.swift in Sources */,
			);
			runOnlyForDeploymentPostprocessing = 0;
		};
/* End PBXSourcesBuildPhase section */

/* Begin PBXTargetDependency section */
		4F3D0DE421D6BF95007654B8 /* PBXTargetDependency */ = {
			isa = PBXTargetDependency;
			target = 4F3D0DDA21D6BF95007654B8 /* DriveUI */;
			targetProxy = 4F3D0DE321D6BF95007654B8 /* PBXContainerItemProxy */;
		};
		4F3D0DE721D6BF95007654B8 /* PBXTargetDependency */ = {
			isa = PBXTargetDependency;
			target = 4F3D0DCC21D6BF95007654B8 /* Drive */;
			targetProxy = 4F3D0DE621D6BF95007654B8 /* PBXContainerItemProxy */;
		};
		4FFF7345218C7B33002E3827 /* PBXTargetDependency */ = {
			isa = PBXTargetDependency;
			target = 4FFF732E218C7B32002E3827 /* PoolDrive */;
			targetProxy = 4FFF7344218C7B33002E3827 /* PBXContainerItemProxy */;
		};
		4FFF7350218C7B33002E3827 /* PBXTargetDependency */ = {
			isa = PBXTargetDependency;
			target = 4FFF732E218C7B32002E3827 /* PoolDrive */;
			targetProxy = 4FFF734F218C7B33002E3827 /* PBXContainerItemProxy */;
		};
/* End PBXTargetDependency section */

/* Begin PBXVariantGroup section */
		4F3D0DDF21D6BF95007654B8 /* MainInterface.storyboard */ = {
			isa = PBXVariantGroup;
			children = (
				4F3D0DE021D6BF95007654B8 /* Base */,
			);
			name = MainInterface.storyboard;
			sourceTree = "<group>";
		};
		4FA30D1221D6BBBB003699C1 /* MainInterface.storyboard */ = {
			isa = PBXVariantGroup;
			children = (
				4FA30D1321D6BBBB003699C1 /* Base */,
			);
			name = MainInterface.storyboard;
			sourceTree = "<group>";
		};
		4FFF733B218C7B33002E3827 /* LaunchScreen.storyboard */ = {
			isa = PBXVariantGroup;
			children = (
				4FFF733C218C7B33002E3827 /* Base */,
			);
			name = LaunchScreen.storyboard;
			sourceTree = "<group>";
		};
/* End PBXVariantGroup section */

/* Begin XCBuildConfiguration section */
		4F3D0DEA21D6BF95007654B8 /* Debug */ = {
			isa = XCBuildConfiguration;
			buildSettings = {
				CODE_SIGN_STYLE = Automatic;
				DEVELOPMENT_TEAM = KE78DLA237;
				INFOPLIST_FILE = DriveUI/Info.plist;
				LD_RUNPATH_SEARCH_PATHS = (
					"$(inherited)",
					"@executable_path/Frameworks",
					"@executable_path/../../Frameworks",
				);
				PRODUCT_BUNDLE_IDENTIFIER = com.schueller.PoolDrive.DriveUI;
				PRODUCT_NAME = "$(TARGET_NAME)";
				SKIP_INSTALL = YES;
				SWIFT_VERSION = 4.2;
				TARGETED_DEVICE_FAMILY = "1,2";
			};
			name = Debug;
		};
		4F3D0DEB21D6BF95007654B8 /* Release */ = {
			isa = XCBuildConfiguration;
			buildSettings = {
				CODE_SIGN_STYLE = Automatic;
				DEVELOPMENT_TEAM = KE78DLA237;
				INFOPLIST_FILE = DriveUI/Info.plist;
				LD_RUNPATH_SEARCH_PATHS = (
					"$(inherited)",
					"@executable_path/Frameworks",
					"@executable_path/../../Frameworks",
				);
				PRODUCT_BUNDLE_IDENTIFIER = com.schueller.PoolDrive.DriveUI;
				PRODUCT_NAME = "$(TARGET_NAME)";
				SKIP_INSTALL = YES;
				SWIFT_VERSION = 4.2;
				TARGETED_DEVICE_FAMILY = "1,2";
			};
			name = Release;
		};
		4F3D0DED21D6BF95007654B8 /* Debug */ = {
			isa = XCBuildConfiguration;
			buildSettings = {
				CODE_SIGN_ENTITLEMENTS = Drive/Drive.entitlements;
				CODE_SIGN_STYLE = Automatic;
				DEVELOPMENT_TEAM = KE78DLA237;
				INFOPLIST_FILE = Drive/Info.plist;
				LD_RUNPATH_SEARCH_PATHS = (
					"$(inherited)",
					"@executable_path/Frameworks",
					"@executable_path/../../Frameworks",
				);
				PRODUCT_BUNDLE_IDENTIFIER = com.schueller.PoolDrive.Drive;
				PRODUCT_NAME = "$(TARGET_NAME)";
				SKIP_INSTALL = YES;
				SWIFT_VERSION = 4.2;
				TARGETED_DEVICE_FAMILY = "1,2";
			};
			name = Debug;
		};
		4F3D0DEE21D6BF95007654B8 /* Release */ = {
			isa = XCBuildConfiguration;
			buildSettings = {
				CODE_SIGN_ENTITLEMENTS = Drive/Drive.entitlements;
				CODE_SIGN_STYLE = Automatic;
				DEVELOPMENT_TEAM = KE78DLA237;
				INFOPLIST_FILE = Drive/Info.plist;
				LD_RUNPATH_SEARCH_PATHS = (
					"$(inherited)",
					"@executable_path/Frameworks",
					"@executable_path/../../Frameworks",
				);
				PRODUCT_BUNDLE_IDENTIFIER = com.schueller.PoolDrive.Drive;
				PRODUCT_NAME = "$(TARGET_NAME)";
				SKIP_INSTALL = YES;
				SWIFT_VERSION = 4.2;
				TARGETED_DEVICE_FAMILY = "1,2";
			};
			name = Release;
		};
		4FFF7355218C7B33002E3827 /* Debug */ = {
			isa = XCBuildConfiguration;
			buildSettings = {
				ALWAYS_SEARCH_USER_PATHS = NO;
				CLANG_ANALYZER_NONNULL = YES;
				CLANG_ANALYZER_NUMBER_OBJECT_CONVERSION = YES_AGGRESSIVE;
				CLANG_CXX_LANGUAGE_STANDARD = "gnu++14";
				CLANG_CXX_LIBRARY = "libc++";
				CLANG_ENABLE_MODULES = YES;
				CLANG_ENABLE_OBJC_ARC = YES;
				CLANG_ENABLE_OBJC_WEAK = YES;
				CLANG_WARN_BLOCK_CAPTURE_AUTORELEASING = YES;
				CLANG_WARN_BOOL_CONVERSION = YES;
				CLANG_WARN_COMMA = YES;
				CLANG_WARN_CONSTANT_CONVERSION = YES;
				CLANG_WARN_DEPRECATED_OBJC_IMPLEMENTATIONS = YES;
				CLANG_WARN_DIRECT_OBJC_ISA_USAGE = YES_ERROR;
				CLANG_WARN_DOCUMENTATION_COMMENTS = YES;
				CLANG_WARN_EMPTY_BODY = YES;
				CLANG_WARN_ENUM_CONVERSION = YES;
				CLANG_WARN_INFINITE_RECURSION = YES;
				CLANG_WARN_INT_CONVERSION = YES;
				CLANG_WARN_NON_LITERAL_NULL_CONVERSION = YES;
				CLANG_WARN_OBJC_IMPLICIT_RETAIN_SELF = YES;
				CLANG_WARN_OBJC_LITERAL_CONVERSION = YES;
				CLANG_WARN_OBJC_ROOT_CLASS = YES_ERROR;
				CLANG_WARN_RANGE_LOOP_ANALYSIS = YES;
				CLANG_WARN_STRICT_PROTOTYPES = YES;
				CLANG_WARN_SUSPICIOUS_MOVE = YES;
				CLANG_WARN_UNGUARDED_AVAILABILITY = YES_AGGRESSIVE;
				CLANG_WARN_UNREACHABLE_CODE = YES;
				CLANG_WARN__DUPLICATE_METHOD_MATCH = YES;
				CODE_SIGN_IDENTITY = "iPhone Developer";
				COPY_PHASE_STRIP = NO;
				DEBUG_INFORMATION_FORMAT = dwarf;
				ENABLE_STRICT_OBJC_MSGSEND = YES;
				ENABLE_TESTABILITY = YES;
				GCC_C_LANGUAGE_STANDARD = gnu11;
				GCC_DYNAMIC_NO_PIC = NO;
				GCC_NO_COMMON_BLOCKS = YES;
				GCC_OPTIMIZATION_LEVEL = 0;
				GCC_PREPROCESSOR_DEFINITIONS = (
					"DEBUG=1",
					"$(inherited)",
				);
				GCC_WARN_64_TO_32_BIT_CONVERSION = YES;
				GCC_WARN_ABOUT_RETURN_TYPE = YES_ERROR;
				GCC_WARN_UNDECLARED_SELECTOR = YES;
				GCC_WARN_UNINITIALIZED_AUTOS = YES_AGGRESSIVE;
				GCC_WARN_UNUSED_FUNCTION = YES;
				GCC_WARN_UNUSED_VARIABLE = YES;
				IPHONEOS_DEPLOYMENT_TARGET = 12.1;
				MTL_ENABLE_DEBUG_INFO = INCLUDE_SOURCE;
				MTL_FAST_MATH = YES;
				ONLY_ACTIVE_ARCH = YES;
				SDKROOT = iphoneos;
				SWIFT_ACTIVE_COMPILATION_CONDITIONS = DEBUG;
				SWIFT_OPTIMIZATION_LEVEL = "-Onone";
			};
			name = Debug;
		};
		4FFF7356218C7B33002E3827 /* Release */ = {
			isa = XCBuildConfiguration;
			buildSettings = {
				ALWAYS_SEARCH_USER_PATHS = NO;
				CLANG_ANALYZER_NONNULL = YES;
				CLANG_ANALYZER_NUMBER_OBJECT_CONVERSION = YES_AGGRESSIVE;
				CLANG_CXX_LANGUAGE_STANDARD = "gnu++14";
				CLANG_CXX_LIBRARY = "libc++";
				CLANG_ENABLE_MODULES = YES;
				CLANG_ENABLE_OBJC_ARC = YES;
				CLANG_ENABLE_OBJC_WEAK = YES;
				CLANG_WARN_BLOCK_CAPTURE_AUTORELEASING = YES;
				CLANG_WARN_BOOL_CONVERSION = YES;
				CLANG_WARN_COMMA = YES;
				CLANG_WARN_CONSTANT_CONVERSION = YES;
				CLANG_WARN_DEPRECATED_OBJC_IMPLEMENTATIONS = YES;
				CLANG_WARN_DIRECT_OBJC_ISA_USAGE = YES_ERROR;
				CLANG_WARN_DOCUMENTATION_COMMENTS = YES;
				CLANG_WARN_EMPTY_BODY = YES;
				CLANG_WARN_ENUM_CONVERSION = YES;
				CLANG_WARN_INFINITE_RECURSION = YES;
				CLANG_WARN_INT_CONVERSION = YES;
				CLANG_WARN_NON_LITERAL_NULL_CONVERSION = YES;
				CLANG_WARN_OBJC_IMPLICIT_RETAIN_SELF = YES;
				CLANG_WARN_OBJC_LITERAL_CONVERSION = YES;
				CLANG_WARN_OBJC_ROOT_CLASS = YES_ERROR;
				CLANG_WARN_RANGE_LOOP_ANALYSIS = YES;
				CLANG_WARN_STRICT_PROTOTYPES = YES;
				CLANG_WARN_SUSPICIOUS_MOVE = YES;
				CLANG_WARN_UNGUARDED_AVAILABILITY = YES_AGGRESSIVE;
				CLANG_WARN_UNREACHABLE_CODE = YES;
				CLANG_WARN__DUPLICATE_METHOD_MATCH = YES;
				CODE_SIGN_IDENTITY = "iPhone Developer";
				COPY_PHASE_STRIP = NO;
				DEBUG_INFORMATION_FORMAT = "dwarf-with-dsym";
				ENABLE_NS_ASSERTIONS = NO;
				ENABLE_STRICT_OBJC_MSGSEND = YES;
				GCC_C_LANGUAGE_STANDARD = gnu11;
				GCC_NO_COMMON_BLOCKS = YES;
				GCC_WARN_64_TO_32_BIT_CONVERSION = YES;
				GCC_WARN_ABOUT_RETURN_TYPE = YES_ERROR;
				GCC_WARN_UNDECLARED_SELECTOR = YES;
				GCC_WARN_UNINITIALIZED_AUTOS = YES_AGGRESSIVE;
				GCC_WARN_UNUSED_FUNCTION = YES;
				GCC_WARN_UNUSED_VARIABLE = YES;
				IPHONEOS_DEPLOYMENT_TARGET = 12.1;
				MTL_ENABLE_DEBUG_INFO = NO;
				MTL_FAST_MATH = YES;
				SDKROOT = iphoneos;
				SWIFT_COMPILATION_MODE = wholemodule;
				SWIFT_OPTIMIZATION_LEVEL = "-O";
				VALIDATE_PRODUCT = YES;
			};
			name = Release;
		};
		4FFF7358218C7B33002E3827 /* Debug */ = {
			isa = XCBuildConfiguration;
			baseConfigurationReference = 638FAA61BC12DC91DA8F0A19 /* Pods-PoolDrive.debug.xcconfig */;
			buildSettings = {
				ALWAYS_EMBED_SWIFT_STANDARD_LIBRARIES = YES;
				ASSETCATALOG_COMPILER_APPICON_NAME = AppIcon;
				CODE_SIGN_STYLE = Automatic;
				DEVELOPMENT_TEAM = KE78DLA237;
				INFOPLIST_FILE = PoolDrive/Info.plist;
				IPHONEOS_DEPLOYMENT_TARGET = 12.0;
				LD_RUNPATH_SEARCH_PATHS = (
					"$(inherited)",
					"@executable_path/Frameworks",
				);
				PRODUCT_BUNDLE_IDENTIFIER = com.schueller.PoolDrive;
				PRODUCT_NAME = "$(TARGET_NAME)";
				SWIFT_VERSION = 4.2;
				TARGETED_DEVICE_FAMILY = "1,2";
			};
			name = Debug;
		};
		4FFF7359218C7B33002E3827 /* Release */ = {
			isa = XCBuildConfiguration;
			baseConfigurationReference = 7A07A20A90AFC5213C0831F0 /* Pods-PoolDrive.release.xcconfig */;
			buildSettings = {
				ALWAYS_EMBED_SWIFT_STANDARD_LIBRARIES = YES;
				ASSETCATALOG_COMPILER_APPICON_NAME = AppIcon;
				CODE_SIGN_STYLE = Automatic;
				DEVELOPMENT_TEAM = KE78DLA237;
				INFOPLIST_FILE = PoolDrive/Info.plist;
				IPHONEOS_DEPLOYMENT_TARGET = 12.0;
				LD_RUNPATH_SEARCH_PATHS = (
					"$(inherited)",
					"@executable_path/Frameworks",
				);
				PRODUCT_BUNDLE_IDENTIFIER = com.schueller.PoolDrive;
				PRODUCT_NAME = "$(TARGET_NAME)";
				SWIFT_VERSION = 4.2;
				TARGETED_DEVICE_FAMILY = "1,2";
			};
			name = Release;
		};
		4FFF735B218C7B33002E3827 /* Debug */ = {
			isa = XCBuildConfiguration;
			baseConfigurationReference = 6AA99B0B05461FB82B56D8F6 /* Pods-PoolDriveTests.debug.xcconfig */;
			buildSettings = {
				ALWAYS_EMBED_SWIFT_STANDARD_LIBRARIES = YES;
				BUNDLE_LOADER = "$(TEST_HOST)";
				CODE_SIGN_STYLE = Automatic;
				DEVELOPMENT_TEAM = KE78DLA237;
				INFOPLIST_FILE = PoolDriveTests/Info.plist;
				LD_RUNPATH_SEARCH_PATHS = (
					"$(inherited)",
					"@executable_path/Frameworks",
					"@loader_path/Frameworks",
				);
				PRODUCT_BUNDLE_IDENTIFIER = com.schueller.PoolDriveTests;
				PRODUCT_NAME = "$(TARGET_NAME)";
				SWIFT_VERSION = 4.2;
				TARGETED_DEVICE_FAMILY = "1,2";
				TEST_HOST = "$(BUILT_PRODUCTS_DIR)/PoolDrive.app/PoolDrive";
			};
			name = Debug;
		};
		4FFF735C218C7B33002E3827 /* Release */ = {
			isa = XCBuildConfiguration;
			baseConfigurationReference = CADD3988A327C71F0C0BEB66 /* Pods-PoolDriveTests.release.xcconfig */;
			buildSettings = {
				ALWAYS_EMBED_SWIFT_STANDARD_LIBRARIES = YES;
				BUNDLE_LOADER = "$(TEST_HOST)";
				CODE_SIGN_STYLE = Automatic;
				DEVELOPMENT_TEAM = KE78DLA237;
				INFOPLIST_FILE = PoolDriveTests/Info.plist;
				LD_RUNPATH_SEARCH_PATHS = (
					"$(inherited)",
					"@executable_path/Frameworks",
					"@loader_path/Frameworks",
				);
				PRODUCT_BUNDLE_IDENTIFIER = com.schueller.PoolDriveTests;
				PRODUCT_NAME = "$(TARGET_NAME)";
				SWIFT_VERSION = 4.2;
				TARGETED_DEVICE_FAMILY = "1,2";
				TEST_HOST = "$(BUILT_PRODUCTS_DIR)/PoolDrive.app/PoolDrive";
			};
			name = Release;
		};
		4FFF735E218C7B33002E3827 /* Debug */ = {
			isa = XCBuildConfiguration;
			baseConfigurationReference = BF352AC81C38478EB350B74C /* Pods-PoolDriveUITests.debug.xcconfig */;
			buildSettings = {
				ALWAYS_EMBED_SWIFT_STANDARD_LIBRARIES = YES;
				CODE_SIGN_STYLE = Automatic;
				DEVELOPMENT_TEAM = KE78DLA237;
				INFOPLIST_FILE = PoolDriveUITests/Info.plist;
				LD_RUNPATH_SEARCH_PATHS = (
					"$(inherited)",
					"@executable_path/Frameworks",
					"@loader_path/Frameworks",
				);
				PRODUCT_BUNDLE_IDENTIFIER = com.schueller.PoolDriveUITests;
				PRODUCT_NAME = "$(TARGET_NAME)";
				SWIFT_VERSION = 4.2;
				TARGETED_DEVICE_FAMILY = "1,2";
				TEST_TARGET_NAME = PoolDrive;
			};
			name = Debug;
		};
		4FFF735F218C7B33002E3827 /* Release */ = {
			isa = XCBuildConfiguration;
			baseConfigurationReference = BCCDFFB5CC148DAB22649F40 /* Pods-PoolDriveUITests.release.xcconfig */;
			buildSettings = {
				ALWAYS_EMBED_SWIFT_STANDARD_LIBRARIES = YES;
				CODE_SIGN_STYLE = Automatic;
				DEVELOPMENT_TEAM = KE78DLA237;
				INFOPLIST_FILE = PoolDriveUITests/Info.plist;
				LD_RUNPATH_SEARCH_PATHS = (
					"$(inherited)",
					"@executable_path/Frameworks",
					"@loader_path/Frameworks",
				);
				PRODUCT_BUNDLE_IDENTIFIER = com.schueller.PoolDriveUITests;
				PRODUCT_NAME = "$(TARGET_NAME)";
				SWIFT_VERSION = 4.2;
				TARGETED_DEVICE_FAMILY = "1,2";
				TEST_TARGET_NAME = PoolDrive;
			};
			name = Release;
		};
/* End XCBuildConfiguration section */

/* Begin XCConfigurationList section */
		4F3D0DE921D6BF95007654B8 /* Build configuration list for PBXNativeTarget "DriveUI" */ = {
			isa = XCConfigurationList;
			buildConfigurations = (
				4F3D0DEA21D6BF95007654B8 /* Debug */,
				4F3D0DEB21D6BF95007654B8 /* Release */,
			);
			defaultConfigurationIsVisible = 0;
			defaultConfigurationName = Release;
		};
		4F3D0DEC21D6BF95007654B8 /* Build configuration list for PBXNativeTarget "Drive" */ = {
			isa = XCConfigurationList;
			buildConfigurations = (
				4F3D0DED21D6BF95007654B8 /* Debug */,
				4F3D0DEE21D6BF95007654B8 /* Release */,
			);
			defaultConfigurationIsVisible = 0;
			defaultConfigurationName = Release;
		};
		4FFF732A218C7B32002E3827 /* Build configuration list for PBXProject "PoolDrive" */ = {
			isa = XCConfigurationList;
			buildConfigurations = (
				4FFF7355218C7B33002E3827 /* Debug */,
				4FFF7356218C7B33002E3827 /* Release */,
			);
			defaultConfigurationIsVisible = 0;
			defaultConfigurationName = Release;
		};
		4FFF7357218C7B33002E3827 /* Build configuration list for PBXNativeTarget "PoolDrive" */ = {
			isa = XCConfigurationList;
			buildConfigurations = (
				4FFF7358218C7B33002E3827 /* Debug */,
				4FFF7359218C7B33002E3827 /* Release */,
			);
			defaultConfigurationIsVisible = 0;
			defaultConfigurationName = Release;
		};
		4FFF735A218C7B33002E3827 /* Build configuration list for PBXNativeTarget "PoolDriveTests" */ = {
			isa = XCConfigurationList;
			buildConfigurations = (
				4FFF735B218C7B33002E3827 /* Debug */,
				4FFF735C218C7B33002E3827 /* Release */,
			);
			defaultConfigurationIsVisible = 0;
			defaultConfigurationName = Release;
		};
		4FFF735D218C7B33002E3827 /* Build configuration list for PBXNativeTarget "PoolDriveUITests" */ = {
			isa = XCConfigurationList;
			buildConfigurations = (
				4FFF735E218C7B33002E3827 /* Debug */,
				4FFF735F218C7B33002E3827 /* Release */,
			);
			defaultConfigurationIsVisible = 0;
			defaultConfigurationName = Release;
		};
/* End XCConfigurationList section */
	};
	rootObject = 4FFF7327218C7B32002E3827 /* Project object */;
}
